// !$*UTF8*$!
{
	archiveVersion = 1;
	classes = {
	};
	objectVersion = 50;
	objects = {

/* Begin PBXBuildFile section */
		F24997FA245EE956002B1BD6 /* AppDelegate.swift in Sources */ = {isa = PBXBuildFile; fileRef = F24997F9245EE956002B1BD6 /* AppDelegate.swift */; };
		F24997FC245EE956002B1BD6 /* SceneDelegate.swift in Sources */ = {isa = PBXBuildFile; fileRef = F24997FB245EE956002B1BD6 /* SceneDelegate.swift */; };
		F24997FE245EE956002B1BD6 /* WelcomeVC.swift in Sources */ = {isa = PBXBuildFile; fileRef = F24997FD245EE956002B1BD6 /* WelcomeVC.swift */; };
		F2499801245EE956002B1BD6 /* Main.storyboard in Resources */ = {isa = PBXBuildFile; fileRef = F24997FF245EE956002B1BD6 /* Main.storyboard */; };
		F2499803245EE957002B1BD6 /* Assets.xcassets in Resources */ = {isa = PBXBuildFile; fileRef = F2499802245EE957002B1BD6 /* Assets.xcassets */; };
		F2499806245EE957002B1BD6 /* LaunchScreen.storyboard in Resources */ = {isa = PBXBuildFile; fileRef = F2499804245EE957002B1BD6 /* LaunchScreen.storyboard */; };
		F2499811245EF11F002B1BD6 /* BorderButton.swift in Sources */ = {isa = PBXBuildFile; fileRef = F2499810245EF11F002B1BD6 /* BorderButton.swift */; };
		F2499813245F1576002B1BD6 /* LeagueVC.swift in Sources */ = {isa = PBXBuildFile; fileRef = F2499812245F1576002B1BD6 /* LeagueVC.swift */; };
		F2499815245F1588002B1BD6 /* SkillVC.swift in Sources */ = {isa = PBXBuildFile; fileRef = F2499814245F1588002B1BD6 /* SkillVC.swift */; };
		F2499817245F1AD4002B1BD6 /* Player.swift in Sources */ = {isa = PBXBuildFile; fileRef = F2499816245F1AD4002B1BD6 /* Player.swift */; };
/* End PBXBuildFile section */

/* Begin PBXFileReference section */
		F24997F6245EE956002B1BD6 /* AppSwoosh.app */ = {isa = PBXFileReference; explicitFileType = wrapper.application; includeInIndex = 0; path = AppSwoosh.app; sourceTree = BUILT_PRODUCTS_DIR; };
		F24997F9245EE956002B1BD6 /* AppDelegate.swift */ = {isa = PBXFileReference; lastKnownFileType = sourcecode.swift; path = AppDelegate.swift; sourceTree = "<group>"; };
		F24997FB245EE956002B1BD6 /* SceneDelegate.swift */ = {isa = PBXFileReference; lastKnownFileType = sourcecode.swift; path = SceneDelegate.swift; sourceTree = "<group>"; };
		F24997FD245EE956002B1BD6 /* WelcomeVC.swift */ = {isa = PBXFileReference; lastKnownFileType = sourcecode.swift; path = WelcomeVC.swift; sourceTree = "<group>"; };
		F2499800245EE956002B1BD6 /* Base */ = {isa = PBXFileReference; lastKnownFileType = file.storyboard; name = Base; path = Base.lproj/Main.storyboard; sourceTree = "<group>"; };
		F2499802245EE957002B1BD6 /* Assets.xcassets */ = {isa = PBXFileReference; lastKnownFileType = folder.assetcatalog; path = Assets.xcassets; sourceTree = "<group>"; };
		F2499805245EE957002B1BD6 /* Base */ = {isa = PBXFileReference; lastKnownFileType = file.storyboard; name = Base; path = Base.lproj/LaunchScreen.storyboard; sourceTree = "<group>"; };
		F2499807245EE957002B1BD6 /* Info.plist */ = {isa = PBXFileReference; lastKnownFileType = text.plist.xml; path = Info.plist; sourceTree = "<group>"; };
		F2499810245EF11F002B1BD6 /* BorderButton.swift */ = {isa = PBXFileReference; lastKnownFileType = sourcecode.swift; path = BorderButton.swift; sourceTree = "<group>"; };
		F2499812245F1576002B1BD6 /* LeagueVC.swift */ = {isa = PBXFileReference; lastKnownFileType = sourcecode.swift; path = LeagueVC.swift; sourceTree = "<group>"; };
		F2499814245F1588002B1BD6 /* SkillVC.swift */ = {isa = PBXFileReference; lastKnownFileType = sourcecode.swift; path = SkillVC.swift; sourceTree = "<group>"; };
		F2499816245F1AD4002B1BD6 /* Player.swift */ = {isa = PBXFileReference; lastKnownFileType = sourcecode.swift; path = Player.swift; sourceTree = "<group>"; };
/* End PBXFileReference section */

/* Begin PBXFrameworksBuildPhase section */
		F24997F3245EE956002B1BD6 /* Frameworks */ = {
			isa = PBXFrameworksBuildPhase;
			buildActionMask = 2147483647;
			files = (
			);
			runOnlyForDeploymentPostprocessing = 0;
		};
/* End PBXFrameworksBuildPhase section */

/* Begin PBXGroup section */
		F24997ED245EE956002B1BD6 = {
			isa = PBXGroup;
			children = (
				F24997F8245EE956002B1BD6 /* AppSwoosh */,
				F24997F7245EE956002B1BD6 /* Products */,
			);
			sourceTree = "<group>";
		};
		F24997F7245EE956002B1BD6 /* Products */ = {
			isa = PBXGroup;
			children = (
				F24997F6245EE956002B1BD6 /* AppSwoosh.app */,
			);
			name = Products;
			sourceTree = "<group>";
		};
		F24997F8245EE956002B1BD6 /* AppSwoosh */ = {
			isa = PBXGroup;
			children = (
				F249980F245EED52002B1BD6 /* View */,
				F249980E245EED4A002B1BD6 /* Model */,
				F249980D245EED39002B1BD6 /* Controller */,
				F24997F9245EE956002B1BD6 /* AppDelegate.swift */,
				F24997FB245EE956002B1BD6 /* SceneDelegate.swift */,
				F24997FF245EE956002B1BD6 /* Main.storyboard */,
				F2499802245EE957002B1BD6 /* Assets.xcassets */,
				F2499804245EE957002B1BD6 /* LaunchScreen.storyboard */,
				F2499807245EE957002B1BD6 /* Info.plist */,
			);
			path = AppSwoosh;
			sourceTree = "<group>";
		};
		F249980D245EED39002B1BD6 /* Controller */ = {
			isa = PBXGroup;
			children = (
				F24997FD245EE956002B1BD6 /* WelcomeVC.swift */,
				F2499812245F1576002B1BD6 /* LeagueVC.swift */,
				F2499814245F1588002B1BD6 /* SkillVC.swift */,
			);
			path = Controller;
			sourceTree = "<group>";
		};
		F249980E245EED4A002B1BD6 /* Model */ = {
			isa = PBXGroup;
			children = (
				F2499816245F1AD4002B1BD6 /* Player.swift */,
			);
			path = Model;
			sourceTree = "<group>";
		};
		F249980F245EED52002B1BD6 /* View */ = {
			isa = PBXGroup;
			children = (
				F2499810245EF11F002B1BD6 /* BorderButton.swift */,
			);
			path = View;
			sourceTree = "<group>";
		};
/* End PBXGroup section */

/* Begin PBXNativeTarget section */
		F24997F5245EE956002B1BD6 /* AppSwoosh */ = {
			isa = PBXNativeTarget;
			buildConfigurationList = F249980A245EE957002B1BD6 /* Build configuration list for PBXNativeTarget "AppSwoosh" */;
			buildPhases = (
				F24997F2245EE956002B1BD6 /* Sources */,
				F24997F3245EE956002B1BD6 /* Frameworks */,
				F24997F4245EE956002B1BD6 /* Resources */,
			);
			buildRules = (
			);
			dependencies = (
			);
			name = AppSwoosh;
			productName = AppSwoosh;
			productReference = F24997F6245EE956002B1BD6 /* AppSwoosh.app */;
			productType = "com.apple.product-type.application";
		};
/* End PBXNativeTarget section */

/* Begin PBXProject section */
		F24997EE245EE956002B1BD6 /* Project object */ = {
			isa = PBXProject;
			attributes = {
				LastSwiftUpdateCheck = 1140;
				LastUpgradeCheck = 1140;
				ORGANIZATIONNAME = "Алексей Шумейко";
				TargetAttributes = {
					F24997F5245EE956002B1BD6 = {
						CreatedOnToolsVersion = 11.4.1;
					};
				};
			};
			buildConfigurationList = F24997F1245EE956002B1BD6 /* Build configuration list for PBXProject "AppSwoosh" */;
			compatibilityVersion = "Xcode 9.3";
			developmentRegion = en;
			hasScannedForEncodings = 0;
			knownRegions = (
				en,
				Base,
			);
			mainGroup = F24997ED245EE956002B1BD6;
			productRefGroup = F24997F7245EE956002B1BD6 /* Products */;
			projectDirPath = "";
			projectRoot = "";
			targets = (
				F24997F5245EE956002B1BD6 /* AppSwoosh */,
			);
		};
/* End PBXProject section */

/* Begin PBXResourcesBuildPhase section */
		F24997F4245EE956002B1BD6 /* Resources */ = {
			isa = PBXResourcesBuildPhase;
			buildActionMask = 2147483647;
			files = (
				F2499806245EE957002B1BD6 /* LaunchScreen.storyboard in Resources */,
				F2499803245EE957002B1BD6 /* Assets.xcassets in Resources */,
				F2499801245EE956002B1BD6 /* Main.storyboard in Resources */,
			);
			runOnlyForDeploymentPostprocessing = 0;
		};
/* End PBXResourcesBuildPhase section */

/* Begin PBXSourcesBuildPhase section */
		F24997F2245EE956002B1BD6 /* Sources */ = {
			isa = PBXSourcesBuildPhase;
			buildActionMask = 2147483647;
			files = (
				F2499813245F1576002B1BD6 /* LeagueVC.swift in Sources */,
				F24997FE245EE956002B1BD6 /* WelcomeVC.swift in Sources */,
				F24997FA245EE956002B1BD6 /* AppDelegate.swift in Sources */,
				F24997FC245EE956002B1BD6 /* SceneDelegate.swift in Sources */,
				F2499817245F1AD4002B1BD6 /* Player.swift in Sources */,
				F2499815245F1588002B1BD6 /* SkillVC.swift in Sources */,
				F2499811245EF11F002B1BD6 /* BorderButton.swift in Sources */,
			);
			runOnlyForDeploymentPostprocessing = 0;
		};
/* End PBXSourcesBuildPhase section */

/* Begin PBXVariantGroup section */
		F24997FF245EE956002B1BD6 /* Main.storyboard */ = {
			isa = PBXVariantGroup;
			children = (
				F2499800245EE956002B1BD6 /* Base */,
			);
			name = Main.storyboard;
			sourceTree = "<group>";
		};
		F2499804245EE957002B1BD6 /* LaunchScreen.storyboard */ = {
			isa = PBXVariantGroup;
			children = (
				F2499805245EE957002B1BD6 /* Base */,
			);
			name = LaunchScreen.storyboard;
			sourceTree = "<group>";
		};
/* End PBXVariantGroup section */

/* Begin XCBuildConfiguration section */
		F2499808245EE957002B1BD6 /* Debug */ = {
			isa = XCBuildConfiguration;
			buildSettings = {
				ALWAYS_SEARCH_USER_PATHS = NO;
				CLANG_ANALYZER_NONNULL = YES;
				CLANG_ANALYZER_NUMBER_OBJECT_CONVERSION = YES_AGGRESSIVE;
				CLANG_CXX_LANGUAGE_STANDARD = "gnu++14";
				CLANG_CXX_LIBRARY = "libc++";
				CLANG_ENABLE_MODULES = YES;
				CLANG_ENABLE_OBJC_ARC = YES;
				CLANG_ENABLE_OBJC_WEAK = YES;
				CLANG_WARN_BLOCK_CAPTURE_AUTORELEASING = YES;
				CLANG_WARN_BOOL_CONVERSION = YES;
				CLANG_WARN_COMMA = YES;
				CLANG_WARN_CONSTANT_CONVERSION = YES;
				CLANG_WARN_DEPRECATED_OBJC_IMPLEMENTATIONS = YES;
				CLANG_WARN_DIRECT_OBJC_ISA_USAGE = YES_ERROR;
				CLANG_WARN_DOCUMENTATION_COMMENTS = YES;
				CLANG_WARN_EMPTY_BODY = YES;
				CLANG_WARN_ENUM_CONVERSION = YES;
				CLANG_WARN_INFINITE_RECURSION = YES;
				CLANG_WARN_INT_CONVERSION = YES;
				CLANG_WARN_NON_LITERAL_NULL_CONVERSION = YES;
				CLANG_WARN_OBJC_IMPLICIT_RETAIN_SELF = YES;
				CLANG_WARN_OBJC_LITERAL_CONVERSION = YES;
				CLANG_WARN_OBJC_ROOT_CLASS = YES_ERROR;
				CLANG_WARN_RANGE_LOOP_ANALYSIS = YES;
				CLANG_WARN_STRICT_PROTOTYPES = YES;
				CLANG_WARN_SUSPICIOUS_MOVE = YES;
				CLANG_WARN_UNGUARDED_AVAILABILITY = YES_AGGRESSIVE;
				CLANG_WARN_UNREACHABLE_CODE = YES;
				CLANG_WARN__DUPLICATE_METHOD_MATCH = YES;
				COPY_PHASE_STRIP = NO;
				DEBUG_INFORMATION_FORMAT = dwarf;
				ENABLE_STRICT_OBJC_MSGSEND = YES;
				ENABLE_TESTABILITY = YES;
				GCC_C_LANGUAGE_STANDARD = gnu11;
				GCC_DYNAMIC_NO_PIC = NO;
				GCC_NO_COMMON_BLOCKS = YES;
				GCC_OPTIMIZATION_LEVEL = 0;
				GCC_PREPROCESSOR_DEFINITIONS = (
					"DEBUG=1",
					"$(inherited)",
				);
				GCC_WARN_64_TO_32_BIT_CONVERSION = YES;
				GCC_WARN_ABOUT_RETURN_TYPE = YES_ERROR;
				GCC_WARN_UNDECLARED_SELECTOR = YES;
				GCC_WARN_UNINITIALIZED_AUTOS = YES_AGGRESSIVE;
				GCC_WARN_UNUSED_FUNCTION = YES;
				GCC_WARN_UNUSED_VARIABLE = YES;
				IPHONEOS_DEPLOYMENT_TARGET = 13.4;
				MTL_ENABLE_DEBUG_INFO = INCLUDE_SOURCE;
				MTL_FAST_MATH = YES;
				ONLY_ACTIVE_ARCH = YES;
				SDKROOT = iphoneos;
				SWIFT_ACTIVE_COMPILATION_CONDITIONS = DEBUG;
				SWIFT_OPTIMIZATION_LEVEL = "-Onone";
			};
			name = Debug;
		};
		F2499809245EE957002B1BD6 /* Release */ = {
			isa = XCBuildConfiguration;
			buildSettings = {
				ALWAYS_SEARCH_USER_PATHS = NO;
				CLANG_ANALYZER_NONNULL = YES;
				CLANG_ANALYZER_NUMBER_OBJECT_CONVERSION = YES_AGGRESSIVE;
				CLANG_CXX_LANGUAGE_STANDARD = "gnu++14";
				CLANG_CXX_LIBRARY = "libc++";
				CLANG_ENABLE_MODULES = YES;
				CLANG_ENABLE_OBJC_ARC = YES;
				CLANG_ENABLE_OBJC_WEAK = YES;
				CLANG_WARN_BLOCK_CAPTURE_AUTORELEASING = YES;
				CLANG_WARN_BOOL_CONVERSION = YES;
				CLANG_WARN_COMMA = YES;
				CLANG_WARN_CONSTANT_CONVERSION = YES;
				CLANG_WARN_DEPRECATED_OBJC_IMPLEMENTATIONS = YES;
				CLANG_WARN_DIRECT_OBJC_ISA_USAGE = YES_ERROR;
				CLANG_WARN_DOCUMENTATION_COMMENTS = YES;
				CLANG_WARN_EMPTY_BODY = YES;
				CLANG_WARN_ENUM_CONVERSION = YES;
				CLANG_WARN_INFINITE_RECURSION = YES;
				CLANG_WARN_INT_CONVERSION = YES;
				CLANG_WARN_NON_LITERAL_NULL_CONVERSION = YES;
				CLANG_WARN_OBJC_IMPLICIT_RETAIN_SELF = YES;
				CLANG_WARN_OBJC_LITERAL_CONVERSION = YES;
				CLANG_WARN_OBJC_ROOT_CLASS = YES_ERROR;
				CLANG_WARN_RANGE_LOOP_ANALYSIS = YES;
				CLANG_WARN_STRICT_PROTOTYPES = YES;
				CLANG_WARN_SUSPICIOUS_MOVE = YES;
				CLANG_WARN_UNGUARDED_AVAILABILITY = YES_AGGRESSIVE;
				CLANG_WARN_UNREACHABLE_CODE = YES;
				CLANG_WARN__DUPLICATE_METHOD_MATCH = YES;
				COPY_PHASE_STRIP = NO;
				DEBUG_INFORMATION_FORMAT = "dwarf-with-dsym";
				ENABLE_NS_ASSERTIONS = NO;
				ENABLE_STRICT_OBJC_MSGSEND = YES;
				GCC_C_LANGUAGE_STANDARD = gnu11;
				GCC_NO_COMMON_BLOCKS = YES;
				GCC_WARN_64_TO_32_BIT_CONVERSION = YES;
				GCC_WARN_ABOUT_RETURN_TYPE = YES_ERROR;
				GCC_WARN_UNDECLARED_SELECTOR = YES;
				GCC_WARN_UNINITIALIZED_AUTOS = YES_AGGRESSIVE;
				GCC_WARN_UNUSED_FUNCTION = YES;
				GCC_WARN_UNUSED_VARIABLE = YES;
				IPHONEOS_DEPLOYMENT_TARGET = 13.4;
				MTL_ENABLE_DEBUG_INFO = NO;
				MTL_FAST_MATH = YES;
				SDKROOT = iphoneos;
				SWIFT_COMPILATION_MODE = wholemodule;
				SWIFT_OPTIMIZATION_LEVEL = "-O";
				VALIDATE_PRODUCT = YES;
			};
			name = Release;
		};
		F249980B245EE957002B1BD6 /* Debug */ = {
			isa = XCBuildConfiguration;
			buildSettings = {
				ASSETCATALOG_COMPILER_APPICON_NAME = AppIcon;
				CODE_SIGN_STYLE = Automatic;
				DEVELOPMENT_TEAM = 2SCLNZC55V;
				INFOPLIST_FILE = AppSwoosh/Info.plist;
				LD_RUNPATH_SEARCH_PATHS = (
					"$(inherited)",
					"@executable_path/Frameworks",
				);
				PRODUCT_BUNDLE_IDENTIFIER = OGscompany.AppSwoosh;
				PRODUCT_NAME = "$(TARGET_NAME)";
				SWIFT_VERSION = 5.0;
				TARGETED_DEVICE_FAMILY = "1,2";
			};
			name = Debug;
		};
		F249980C245EE957002B1BD6 /* Release */ = {
			isa = XCBuildConfiguration;
			buildSettings = {
				ASSETCATALOG_COMPILER_APPICON_NAME = AppIcon;
				CODE_SIGN_STYLE = Automatic;
				DEVELOPMENT_TEAM = 2SCLNZC55V;
				INFOPLIST_FILE = AppSwoosh/Info.plist;
				LD_RUNPATH_SEARCH_PATHS = (
					"$(inherited)",
					"@executable_path/Frameworks",
				);
				PRODUCT_BUNDLE_IDENTIFIER = OGscompany.AppSwoosh;
				PRODUCT_NAME = "$(TARGET_NAME)";
				SWIFT_VERSION = 5.0;
				TARGETED_DEVICE_FAMILY = "1,2";
			};
			name = Release;
		};
/* End XCBuildConfiguration section */

/* Begin XCConfigurationList section */
		F24997F1245EE956002B1BD6 /* Build configuration list for PBXProject "AppSwoosh" */ = {
			isa = XCConfigurationList;
			buildConfigurations = (
				F2499808245EE957002B1BD6 /* Debug */,
				F2499809245EE957002B1BD6 /* Release */,
			);
			defaultConfigurationIsVisible = 0;
			defaultConfigurationName = Release;
		};
		F249980A245EE957002B1BD6 /* Build configuration list for PBXNativeTarget "AppSwoosh" */ = {
			isa = XCConfigurationList;
			buildConfigurations = (
				F249980B245EE957002B1BD6 /* Debug */,
				F249980C245EE957002B1BD6 /* Release */,
			);
			defaultConfigurationIsVisible = 0;
			defaultConfigurationName = Release;
		};
/* End XCConfigurationList section */
	};
	rootObject = F24997EE245EE956002B1BD6 /* Project object */;
}
